{
    "_meta": {
        "hash": {
            "sha256": "e2c12f2bf5403248bf52d9860f79a7d78fe9b706373528ef5f0bf70895e5c3f0"
        },
        "pipfile-spec": 6,
        "requires": {
            "python_version": "3.8"
        },
        "sources": [
            {
                "name": "pypi",
                "url": "https://pypi.org/simple",
                "verify_ssl": true
            }
        ]
    },
    "default": {
        "attrs": {
            "hashes": [
                "sha256:08a96c641c3a74e44eb59afb61a24f2cb9f4d7188748e76ba4bb5edfa3cb7d1c",
                "sha256:f7b7ce16570fe9965acd6d30101a28f62fb4a7f9e926b3bbc9b61f8b04247e72"
            ],
            "version": "==19.3.0"
        },
        "automat": {
            "hashes": [
                "sha256:7979803c74610e11ef0c0d68a2942b152df52da55336e0c9d58daf1831cbdf33",
                "sha256:b6feb6455337df834f6c9962d6ccf771515b7d939bca142b29c20c2376bc6111"
            ],
            "version": "==20.2.0"
        },
        "certifi": {
            "hashes": [
                "sha256:017c25db2a153ce562900032d5bc68e9f191e44e9a0f762f373977de9df1fbb3",
                "sha256:25b64c7da4cd7479594d035c08c2d809eb4aab3a26e5a990ea98cc450c320f1f"
            ],
            "version": "==2019.11.28"
        },
        "cffi": {
            "hashes": [
                "sha256:001bf3242a1bb04d985d63e138230802c6c8d4db3668fb545fb5005ddf5bb5ff",
                "sha256:00789914be39dffba161cfc5be31b55775de5ba2235fe49aa28c148236c4e06b",
                "sha256:028a579fc9aed3af38f4892bdcc7390508adabc30c6af4a6e4f611b0c680e6ac",
                "sha256:14491a910663bf9f13ddf2bc8f60562d6bc5315c1f09c704937ef17293fb85b0",
                "sha256:1cae98a7054b5c9391eb3249b86e0e99ab1e02bb0cc0575da191aedadbdf4384",
                "sha256:2089ed025da3919d2e75a4d963d008330c96751127dd6f73c8dc0c65041b4c26",
                "sha256:2d384f4a127a15ba701207f7639d94106693b6cd64173d6c8988e2c25f3ac2b6",
                "sha256:337d448e5a725bba2d8293c48d9353fc68d0e9e4088d62a9571def317797522b",
                "sha256:399aed636c7d3749bbed55bc907c3288cb43c65c4389964ad5ff849b6370603e",
                "sha256:3b911c2dbd4f423b4c4fcca138cadde747abdb20d196c4a48708b8a2d32b16dd",
                "sha256:3d311bcc4a41408cf5854f06ef2c5cab88f9fded37a3b95936c9879c1640d4c2",
                "sha256:62ae9af2d069ea2698bf536dcfe1e4eed9090211dbaafeeedf5cb6c41b352f66",
                "sha256:66e41db66b47d0d8672d8ed2708ba91b2f2524ece3dee48b5dfb36be8c2f21dc",
                "sha256:675686925a9fb403edba0114db74e741d8181683dcf216be697d208857e04ca8",
                "sha256:7e63cbcf2429a8dbfe48dcc2322d5f2220b77b2e17b7ba023d6166d84655da55",
                "sha256:8a6c688fefb4e1cd56feb6c511984a6c4f7ec7d2a1ff31a10254f3c817054ae4",
                "sha256:8c0ffc886aea5df6a1762d0019e9cb05f825d0eec1f520c51be9d198701daee5",
                "sha256:95cd16d3dee553f882540c1ffe331d085c9e629499ceadfbda4d4fde635f4b7d",
                "sha256:99f748a7e71ff382613b4e1acc0ac83bf7ad167fb3802e35e90d9763daba4d78",
                "sha256:b8c78301cefcf5fd914aad35d3c04c2b21ce8629b5e4f4e45ae6812e461910fa",
                "sha256:c420917b188a5582a56d8b93bdd8e0f6eca08c84ff623a4c16e809152cd35793",
                "sha256:c43866529f2f06fe0edc6246eb4faa34f03fe88b64a0a9a942561c8e22f4b71f",
                "sha256:cab50b8c2250b46fe738c77dbd25ce017d5e6fb35d3407606e7a4180656a5a6a",
                "sha256:cef128cb4d5e0b3493f058f10ce32365972c554572ff821e175dbc6f8ff6924f",
                "sha256:cf16e3cf6c0a5fdd9bc10c21687e19d29ad1fe863372b5543deaec1039581a30",
                "sha256:e56c744aa6ff427a607763346e4170629caf7e48ead6921745986db3692f987f",
                "sha256:e577934fc5f8779c554639376beeaa5657d54349096ef24abe8c74c5d9c117c3",
                "sha256:f2b0fa0c01d8a0c7483afd9f31d7ecf2d71760ca24499c8697aeb5ca37dc090c"
            ],
            "version": "==1.14.0"
        },
        "chardet": {
            "hashes": [
                "sha256:84ab92ed1c4d4f16916e05906b6b75a6c0fb5db821cc65e70cbd64a3e2a5eaae",
                "sha256:fc323ffcaeaed0e0a02bf4d117757b98aed530d9ed4531e3e15460124c106691"
            ],
            "version": "==3.0.4"
        },
        "constantly": {
            "hashes": [
                "sha256:586372eb92059873e29eba4f9dec8381541b4d3834660707faf8ba59146dfc35",
                "sha256:dd2fa9d6b1a51a83f0d7dd76293d734046aa176e384bf6e33b7e44880eb37c5d"
            ],
            "version": "==15.1.0"
        },
        "cryptography": {
            "hashes": [
                "sha256:02079a6addc7b5140ba0825f542c0869ff4df9a69c360e339ecead5baefa843c",
                "sha256:1df22371fbf2004c6f64e927668734070a8953362cd8370ddd336774d6743595",
                "sha256:369d2346db5934345787451504853ad9d342d7f721ae82d098083e1f49a582ad",
                "sha256:3cda1f0ed8747339bbdf71b9f38ca74c7b592f24f65cdb3ab3765e4b02871651",
                "sha256:44ff04138935882fef7c686878e1c8fd80a723161ad6a98da31e14b7553170c2",
                "sha256:4b1030728872c59687badcca1e225a9103440e467c17d6d1730ab3d2d64bfeff",
                "sha256:58363dbd966afb4f89b3b11dfb8ff200058fbc3b947507675c19ceb46104b48d",
                "sha256:6ec280fb24d27e3d97aa731e16207d58bd8ae94ef6eab97249a2afe4ba643d42",
                "sha256:7270a6c29199adc1297776937a05b59720e8a782531f1f122f2eb8467f9aab4d",
                "sha256:73fd30c57fa2d0a1d7a49c561c40c2f79c7d6c374cc7750e9ac7c99176f6428e",
                "sha256:7f09806ed4fbea8f51585231ba742b58cbcfbfe823ea197d8c89a5e433c7e912",
                "sha256:90df0cc93e1f8d2fba8365fb59a858f51a11a394d64dbf3ef844f783844cc793",
                "sha256:971221ed40f058f5662a604bd1ae6e4521d84e6cad0b7b170564cc34169c8f13",
                "sha256:a518c153a2b5ed6b8cc03f7ae79d5ffad7315ad4569b2d5333a13c38d64bd8d7",
                "sha256:b0de590a8b0979649ebeef8bb9f54394d3a41f66c5584fff4220901739b6b2f0",
                "sha256:b43f53f29816ba1db8525f006fa6f49292e9b029554b3eb56a189a70f2a40879",
                "sha256:d31402aad60ed889c7e57934a03477b572a03af7794fa8fb1780f21ea8f6551f",
                "sha256:de96157ec73458a7f14e3d26f17f8128c959084931e8997b9e655a39c8fde9f9",
                "sha256:df6b4dca2e11865e6cfbfb708e800efb18370f5a46fd601d3755bc7f85b3a8a2",
                "sha256:ecadccc7ba52193963c0475ac9f6fa28ac01e01349a2ca48509667ef41ffd2cf",
                "sha256:fb81c17e0ebe3358486cd8cc3ad78adbae58af12fc2bf2bc0bb84e8090fa5ce8"
            ],
            "version": "==2.8"
        },
        "cssselect": {
            "hashes": [
                "sha256:f612ee47b749c877ebae5bb77035d8f4202c6ad0f0fc1271b3c18ad6c4468ecf",
                "sha256:f95f8dedd925fd8f54edb3d2dfb44c190d9d18512377d3c1e2388d16126879bc"
            ],
            "version": "==1.1.0"
        },
        "cycler": {
            "hashes": [
                "sha256:1d8a5ae1ff6c5cf9b93e8811e581232ad8920aeec647c37316ceac982b08cb2d",
                "sha256:cd7b2d1018258d7247a71425e9f26463dfb444d411c39569972f4ce586b0c9d8"
            ],
            "version": "==0.10.0"
        },
        "hyperlink": {
            "hashes": [
                "sha256:4288e34705da077fada1111a24a0aa08bb1e76699c9ce49876af722441845654",
                "sha256:ab4a308feb039b04f855a020a6eda3b18ca5a68e6d8f8c899cbe9e653721d04f"
            ],
            "version": "==19.0.0"
        },
        "idna": {
            "hashes": [
                "sha256:7588d1c14ae4c77d74036e8c22ff447b26d0fde8f007354fd48a7814db15b7cb",
                "sha256:a068a21ceac8a4d63dbfd964670474107f541babbd2250d61922f029858365fa"
            ],
            "version": "==2.9"
        },
        "incremental": {
            "hashes": [
                "sha256:717e12246dddf231a349175f48d74d93e2897244939173b01974ab6661406b9f",
                "sha256:7b751696aaf36eebfab537e458929e194460051ccad279c72b755a167eebd4b3"
            ],
            "version": "==17.5.0"
        },
        "kiwisolver": {
            "hashes": [
                "sha256:05b5b061e09f60f56244adc885c4a7867da25ca387376b02c1efc29cc16bcd0f",
                "sha256:210d8c39d01758d76c2b9a693567e1657ec661229bc32eac30761fa79b2474b0",
                "sha256:26f4fbd6f5e1dabff70a9ba0d2c4bd30761086454aa30dddc5b52764ee4852b7",
                "sha256:3b15d56a9cd40c52d7ab763ff0bc700edbb4e1a298dc43715ecccd605002cf11",
                "sha256:3b2378ad387f49cbb328205bda569b9f87288d6bc1bf4cd683c34523a2341efe",
                "sha256:400599c0fe58d21522cae0e8b22318e09d9729451b17ee61ba8e1e7c0346565c",
                "sha256:47b8cb81a7d18dbaf4fed6a61c3cecdb5adec7b4ac292bddb0d016d57e8507d5",
                "sha256:53eaed412477c836e1b9522c19858a8557d6e595077830146182225613b11a75",
                "sha256:58e626e1f7dfbb620d08d457325a4cdac65d1809680009f46bf41eaf74ad0187",
                "sha256:5a52e1b006bfa5be04fe4debbcdd2688432a9af4b207a3f429c74ad625022641",
                "sha256:5c7ca4e449ac9f99b3b9d4693debb1d6d237d1542dd6a56b3305fe8a9620f883",
                "sha256:682e54f0ce8f45981878756d7203fd01e188cc6c8b2c5e2cf03675390b4534d5",
                "sha256:76275ee077772c8dde04fb6c5bc24b91af1bb3e7f4816fd1852f1495a64dad93",
                "sha256:79bfb2f0bd7cbf9ea256612c9523367e5ec51d7cd616ae20ca2c90f575d839a2",
                "sha256:7f4dd50874177d2bb060d74769210f3bce1af87a8c7cf5b37d032ebf94f0aca3",
                "sha256:8944a16020c07b682df861207b7e0efcd2f46c7488619cb55f65882279119389",
                "sha256:8aa7009437640beb2768bfd06da049bad0df85f47ff18426261acecd1cf00897",
                "sha256:9105ce82dcc32c73eb53a04c869b6a4bc756b43e4385f76ea7943e827f529e4d",
                "sha256:933df612c453928f1c6faa9236161a1d999a26cd40abf1dc5d7ebbc6dbfb8fca",
                "sha256:939f36f21a8c571686eb491acfffa9c7f1ac345087281b412d63ea39ca14ec4a",
                "sha256:9491578147849b93e70d7c1d23cb1229458f71fc79c51d52dce0809b2ca44eea",
                "sha256:9733b7f64bd9f807832d673355f79703f81f0b3e52bfce420fc00d8cb28c6a6c",
                "sha256:a02f6c3e229d0b7220bd74600e9351e18bc0c361b05f29adae0d10599ae0e326",
                "sha256:a0c0a9f06872330d0dd31b45607197caab3c22777600e88031bfe66799e70bb0",
                "sha256:aa716b9122307c50686356cfb47bfbc66541868078d0c801341df31dca1232a9",
                "sha256:acc4df99308111585121db217681f1ce0eecb48d3a828a2f9bbf9773f4937e9e",
                "sha256:b64916959e4ae0ac78af7c3e8cef4becee0c0e9694ad477b4c6b3a536de6a544",
                "sha256:d22702cadb86b6fcba0e6b907d9f84a312db9cd6934ee728144ce3018e715ee1",
                "sha256:d3fcf0819dc3fea58be1fd1ca390851bdb719a549850e708ed858503ff25d995",
                "sha256:d52e3b1868a4e8fd18b5cb15055c76820df514e26aa84cc02f593d99fef6707f",
                "sha256:db1a5d3cc4ae943d674718d6c47d2d82488ddd94b93b9e12d24aabdbfe48caee",
                "sha256:e3a21a720791712ed721c7b95d433e036134de6f18c77dbe96119eaf7aa08004",
                "sha256:e8bf074363ce2babeb4764d94f8e65efd22e6a7c74860a4f05a6947afc020ff2",
                "sha256:f16814a4a96dc04bf1da7d53ee8d5b1d6decfc1a92a63349bb15d37b6a263dd9",
                "sha256:f2b22153870ca5cf2ab9c940d7bc38e8e9089fa0f7e5856ea195e1cf4ff43d5a",
                "sha256:f790f8b3dff3d53453de6a7b7ddd173d2e020fb160baff578d578065b108a05f",
                "sha256:fe51b79da0062f8e9d49ed0182a626a7dc7a0cbca0328f612c6ee5e4711c81e4"
            ],
            "version": "==1.1.0"
        },
        "lxml": {
            "hashes": [
                "sha256:06d4e0bbb1d62e38ae6118406d7cdb4693a3fa34ee3762238bcb96c9e36a93cd",
                "sha256:0701f7965903a1c3f6f09328c1278ac0eee8f56f244e66af79cb224b7ef3801c",
                "sha256:1f2c4ec372bf1c4a2c7e4bb20845e8bcf8050365189d86806bad1e3ae473d081",
                "sha256:4235bc124fdcf611d02047d7034164897ade13046bda967768836629bc62784f",
                "sha256:5828c7f3e615f3975d48f40d4fe66e8a7b25f16b5e5705ffe1d22e43fb1f6261",
                "sha256:585c0869f75577ac7a8ff38d08f7aac9033da2c41c11352ebf86a04652758b7a",
                "sha256:5d467ce9c5d35b3bcc7172c06320dddb275fea6ac2037f72f0a4d7472035cea9",
                "sha256:63dbc21efd7e822c11d5ddbedbbb08cd11a41e0032e382a0fd59b0b08e405a3a",
                "sha256:7bc1b221e7867f2e7ff1933165c0cec7153dce93d0cdba6554b42a8beb687bdb",
                "sha256:8620ce80f50d023d414183bf90cc2576c2837b88e00bea3f33ad2630133bbb60",
                "sha256:8a0ebda56ebca1a83eb2d1ac266649b80af8dd4b4a3502b2c1e09ac2f88fe128",
                "sha256:90ed0e36455a81b25b7034038e40880189169c308a3df360861ad74da7b68c1a",
                "sha256:95e67224815ef86924fbc2b71a9dbd1f7262384bca4bc4793645794ac4200717",
                "sha256:afdb34b715daf814d1abea0317b6d672476b498472f1e5aacbadc34ebbc26e89",
                "sha256:b4b2c63cc7963aedd08a5f5a454c9f67251b1ac9e22fd9d72836206c42dc2a72",
                "sha256:d068f55bda3c2c3fcaec24bd083d9e2eede32c583faf084d6e4b9daaea77dde8",
                "sha256:d5b3c4b7edd2e770375a01139be11307f04341ec709cf724e0f26ebb1eef12c3",
                "sha256:deadf4df349d1dcd7b2853a2c8796593cc346600726eff680ed8ed11812382a7",
                "sha256:df533af6f88080419c5a604d0d63b2c33b1c0c4409aba7d0cb6de305147ea8c8",
                "sha256:e4aa948eb15018a657702fee0b9db47e908491c64d36b4a90f59a64741516e77",
                "sha256:e5d842c73e4ef6ed8c1bd77806bf84a7cb535f9c0cf9b2c74d02ebda310070e1",
                "sha256:ebec08091a22c2be870890913bdadd86fcd8e9f0f22bcb398abd3af914690c15",
                "sha256:edc15fcfd77395e24543be48871c251f38132bb834d9fdfdad756adb6ea37679",
                "sha256:f2b74784ed7e0bc2d02bd53e48ad6ba523c9b36c194260b7a5045071abbb1012",
                "sha256:fa071559f14bd1e92077b1b5f6c22cf09756c6de7139370249eb372854ce51e6",
                "sha256:fd52e796fee7171c4361d441796b64df1acfceb51f29e545e812f16d023c4bbc",
                "sha256:fe976a0f1ef09b3638778024ab9fb8cde3118f203364212c198f71341c0715ca"
            ],
            "markers": "python_version != '3.4'",
            "version": "==4.5.0"
        },
        "matplotlib": {
            "hashes": [
                "sha256:0711b07920919951b2c508a773c433cbe07bdad952ea84ed9d18ca7853ccbe8b",
                "sha256:0ab307e610302971012dc2387c97fc68e58c8eb00045a2c735da1b16353a3e3f",
                "sha256:651d76daf9168250370d4befb09f79875daa2224a9096d97dfc3ed764c842be4",
                "sha256:8e931015769322ee6860cabb8f975f628788e851092fd5edbdb065b5a516e3af",
                "sha256:97a03e73f9ab71db8e4084894550c3af420c8ab1989b5e1306261b17576bf61b",
                "sha256:9d174cc9681184023a7d520079eb0c085208761c6562710c1de7263d08217ab6",
                "sha256:b21479a4478070c1c0f460e1bf1b65341e6a70ae0da905fcee836651450c66bb",
                "sha256:b93377c6720e7db9cbba57e856a21aae2ff707677a6ee6b3b9d485f22ed82697",
                "sha256:be937f34047bc09ed22d6a19d970fdc61d5d3191aa62f3262fc7f308e6d2e7f9",
                "sha256:d281862a68b0bfce8f9e02a8e5acaa5cfbec37f37320f59b52eaf54b6423ec13",
                "sha256:d5287cfcabad6f0f71a2627c1bbb6fb0cddacb9844f6c91f210604faa508f562",
                "sha256:d75f5e952562f5e494ae92c1f917fc96c2ce09305a7c1bdc2e6502d3c61fbdc3",
                "sha256:ee8acb1d4ee204e5cfe361d8f00d7e52c68f81c099b6c6048a3c76bf2c6b46e6",
                "sha256:fc84f7c7cf1c5a9dbceadb7546818228f019d3b113ce5e362120c895fbba2944"
            ],
            "index": "pypi",
            "version": "==3.2.0"
        },
        "numpy": {
            "hashes": [
                "sha256:1598a6de323508cfeed6b7cd6c4efb43324f4692e20d1f76e1feec7f59013448",
                "sha256:1b0ece94018ae21163d1f651b527156e1f03943b986188dd81bc7e066eae9d1c",
                "sha256:2e40be731ad618cb4974d5ba60d373cdf4f1b8dcbf1dcf4d9dff5e212baf69c5",
                "sha256:4ba59db1fcc27ea31368af524dcf874d9277f21fd2e1f7f1e2e0c75ee61419ed",
                "sha256:59ca9c6592da581a03d42cc4e270732552243dc45e87248aa8d636d53812f6a5",
                "sha256:5e0feb76849ca3e83dd396254e47c7dba65b3fa9ed3df67c2556293ae3e16de3",
                "sha256:6d205249a0293e62bbb3898c4c2e1ff8a22f98375a34775a259a0523111a8f6c",
                "sha256:6fcc5a3990e269f86d388f165a089259893851437b904f422d301cdce4ff25c8",
                "sha256:82847f2765835c8e5308f136bc34018d09b49037ec23ecc42b246424c767056b",
                "sha256:87902e5c03355335fc5992a74ba0247a70d937f326d852fc613b7f53516c0963",
                "sha256:9ab21d1cb156a620d3999dd92f7d1c86824c622873841d6b080ca5495fa10fef",
                "sha256:a1baa1dc8ecd88fb2d2a651671a84b9938461e8a8eed13e2f0a812a94084d1fa",
                "sha256:a244f7af80dacf21054386539699ce29bcc64796ed9850c99a34b41305630286",
                "sha256:a35af656a7ba1d3decdd4fae5322b87277de8ac98b7d9da657d9e212ece76a61",
                "sha256:b1fe1a6f3a6f355f6c29789b5927f8bd4f134a4bd9a781099a7c4f66af8850f5",
                "sha256:b5ad0adb51b2dee7d0ee75a69e9871e2ddfb061c73ea8bc439376298141f77f5",
                "sha256:ba3c7a2814ec8a176bb71f91478293d633c08582119e713a0c5351c0f77698da",
                "sha256:cd77d58fb2acf57c1d1ee2835567cd70e6f1835e32090538f17f8a3a99e5e34b",
                "sha256:cdb3a70285e8220875e4d2bc394e49b4988bdb1298ffa4e0bd81b2f613be397c",
                "sha256:deb529c40c3f1e38d53d5ae6cd077c21f1d49e13afc7936f7f868455e16b64a0",
                "sha256:e7894793e6e8540dbeac77c87b489e331947813511108ae097f1715c018b8f3d"
            ],
            "version": "==1.18.2"
        },
        "pandas": {
            "hashes": [
                "sha256:04fe02d492d917bbdf314f63517616c1cc7ac7c25495f322c7df5745583bf548",
                "sha256:137afc43ce7bd19b129dd0211177d03307080a728072e0a474de113ffec7f3c9",
                "sha256:1a96b3e5172f194036d384fd9e853cbf94c42ec13bfebceb1eb0175c96f4e5d3",
                "sha256:37d2b9f7301177e7ba2de1ab8be929a0e2625821d1d21de5f2f2eddfa16742b4",
                "sha256:3c76643abfe83f4f3a107d06bea64d4cf702afc97a7f3a3c54275f48c7378c54",
                "sha256:4269c698d3f76889520b9e022702c975b5b19a63705a2e098694f5f8719c7287",
                "sha256:4d4af03db48a9b292f700c4d5df52645e5a59046800594c46e53b0518ecf3ade",
                "sha256:7034fd811df432465fe2fec64637db84600b5f1d0e9d1123195360e2f9bf4b7d",
                "sha256:76334ba36aa42f93b6b47b79cbc32187d3a178a4ab1c3a478c8f4198bcd93a73",
                "sha256:852cac070c0928a2374854df312ba655533ff324bd0edc9b36d89adbc7b90263",
                "sha256:9464f4ff95fd8f4c4a5245819e353052a0c501dd2fb027b294b005ed25f4d992",
                "sha256:dac3bf7495c7ce6a72dff2158c8ead0f377832491a672145829ac06d64782192",
                "sha256:e0e752699b4be387783506d34f12bef063b76ce1695aabfb0cd15bde82a3a5a7",
                "sha256:e462ca4a59daea2ba73ac87186d638d7a43a86ec063705cf9cd215b0fafa8c0e"
            ],
            "index": "pypi",
            "version": "==1.0.2"
        },
        "parsel": {
            "hashes": [
                "sha256:4da4262ba4605573b6b72a5f557616a2fc9dee7a47a1efad562752a28d366723",
                "sha256:74f8e9d3b345b14cb1416bd777a03982cde33a74d8b32e0c71e651d07d41d40a"
            ],
            "version": "==1.5.2"
        },
        "protego": {
            "hashes": [
                "sha256:a682771bc7b51b2ff41466460896c1a5a653f9a1e71639ef365a72e66d8734b4"
            ],
            "version": "==0.1.16"
        },
        "pyasn1": {
            "hashes": [
                "sha256:39c7e2ec30515947ff4e87fb6f456dfc6e84857d34be479c9d4a4ba4bf46aa5d",
                "sha256:aef77c9fb94a3ac588e87841208bdec464471d9871bd5050a287cc9a475cd0ba"
            ],
            "version": "==0.4.8"
        },
        "pyasn1-modules": {
            "hashes": [
                "sha256:905f84c712230b2c592c19470d3ca8d552de726050d1d1716282a1f6146be65e",
                "sha256:a50b808ffeb97cb3601dd25981f6b016cbb3d31fbf57a8b8a87428e6158d0c74"
            ],
            "version": "==0.2.8"
        },
        "pycparser": {
            "hashes": [
                "sha256:2d475327684562c3a96cc71adf7dc8c4f0565175cf86b6d7a404ff4c771f15f0",
                "sha256:7582ad22678f0fcd81102833f60ef8d0e57288b6b5fb00323d101be910e35705"
            ],
            "version": "==2.20"
        },
        "pydispatcher": {
            "hashes": [
                "sha256:5570069e1b1769af1fe481de6dd1d3a388492acddd2cdad7a3bde145615d5caf",
                "sha256:5be4a8be12805ef7d712dd9a93284fb8bc53f309867e573f653a72e5fd10e433"
            ],
            "version": "==2.0.5"
        },
        "pyhamcrest": {
            "hashes": [
                "sha256:412e00137858f04bde0729913874a48485665f2d36fe9ee449f26be864af9316",
                "sha256:7ead136e03655af85069b6f47b23eb7c3e5c221aa9f022a4fbb499f5b7308f29"
            ],
            "version": "==2.0.2"
        },
        "pyopenssl": {
            "hashes": [
                "sha256:621880965a720b8ece2f1b2f54ea2071966ab00e2970ad2ce11d596102063504",
                "sha256:9a24494b2602aaf402be5c9e30a0b82d4a5c67528fe8fb475e3f3bc00dd69507"
            ],
            "version": "==19.1.0"
        },
        "pyparsing": {
            "hashes": [
                "sha256:4c830582a84fb022400b85429791bc551f1f4871c33f23e44f353119e92f969f",
                "sha256:c342dccb5250c08d45fd6f8b4a559613ca603b57498511740e65cd11a2e7dcec"
            ],
            "version": "==2.4.6"
        },
        "python-dateutil": {
            "hashes": [
                "sha256:73ebfe9dbf22e832286dafa60473e4cd239f8592f699aa5adaf10050e6e1823c",
                "sha256:75bb3f31ea686f1197762692a9ee6a7550b59fc6ca3a1f4b5d7e32fb98e2da2a"
            ],
            "version": "==2.8.1"
        },
        "pytz": {
            "hashes": [
                "sha256:1c557d7d0e871de1f5ccd5833f60fb2550652da6be2693c1e02300743d21500d",
                "sha256:b02c06db6cf09c12dd25137e563b31700d3b80fcc4ad23abb7a315f2789819be"
            ],
            "version": "==2019.3"
        },
        "queuelib": {
            "hashes": [
                "sha256:42b413295551bdc24ed9376c1a2cd7d0b1b0fa4746b77b27ca2b797a276a1a17",
                "sha256:ff43b5b74b9266f8df4232a8f768dc4d67281a271905e2ed4a3689d4d304cd02"
            ],
            "version": "==1.5.0"
        },
        "requests": {
            "hashes": [
                "sha256:43999036bfa82904b6af1d99e4882b560e5e2c68e5c4b0aa03b655f3d7d73fee",
                "sha256:b3f43d496c6daba4493e7c431722aeb7dbc6288f52a6e04e7b6023b0247817e6"
            ],
            "index": "pypi",
            "version": "==2.23.0"
        },
        "scrapy": {
            "hashes": [
                "sha256:765f5b328b83b7f922edf734575e31f3c6d142c1d9eb9cd513d9114c5e2b9fb7",
                "sha256:bf1bad45e2b664b50c6b04a414ca96c739279ba5a14d685ba90904af8427d9f1"
            ],
            "index": "pypi",
            "version": "==2.0.0"
        },
        "service-identity": {
            "hashes": [
                "sha256:001c0707759cb3de7e49c078a7c0c9cd12594161d3bf06b9c254fdcb1a60dc36",
                "sha256:0858a54aabc5b459d1aafa8a518ed2081a285087f349fe3e55197989232e2e2d"
            ],
            "version": "==18.1.0"
        },
        "six": {
            "hashes": [
                "sha256:236bdbdce46e6e6a3d61a337c0f8b763ca1e8717c03b369e87a7ec7ce1319c0a",
                "sha256:8f3cd2e254d8f793e7f3d6d9df77b92252b52637291d0f0da013c76ea2724b6c"
            ],
            "version": "==1.14.0"
        },
        "twisted": {
            "hashes": [
                "sha256:0f39698c2aac318032ed4fe95e28ee2bd7d72327c2f6927139811ad403770885",
                "sha256:1f0919a0363b4fbed5def5315383db36fd581464bca80290764f8c4465e91c04",
                "sha256:257dbc78e72bc69c2970035fc74df54b04573d5ddd380251a8a23f74d619db03",
                "sha256:3f651c52ad78cc5a643f61e3b786a6b5c9b4ee68eced975c04fdf6b02026f470",
                "sha256:58b581ae4eee5a831aac9d03edc331d662fa028f601015bb3df47f8704bfe876",
                "sha256:611ef7696d406605962d9a7b040d357f3e91df20cf75c0b06e350947f541538b",
                "sha256:6338e5b987e95c94360acb14e78b41097be9b45d44d15a68060db9c3bf89e102",
                "sha256:7394ba7f272ae722a74f3d969dcf599bc4ef093bc392038748a490f1724a515d",
                "sha256:776c65270b57ac074d5b7a471142f434b0ac5a8b39d9c974769c855c32abfd91",
                "sha256:8b2f7f4dded5ad02931bed38042e55329d1e4919b63078f5a29f05502a163f1d",
                "sha256:97f8a76632bf051a27179337fe937df315920a08e9bd146126e0126629db3721",
                "sha256:a1de7598ce977943b3edbcc0a7d2112f134cc1b98b2fd7e348ee9e0bef092e50",
                "sha256:d145c418a46f8a7021030a3246b9e5111f64531278e5252f2073f23c1661c8be",
                "sha256:d53e1f883bc429b14fd2999d355352974f9d7b4ae7554154bbfe3f90aecede5f",
                "sha256:d9037ff5e07909b1d31f81db71a3bbc8227ba1ed20c87332bdb2eb48e55f326e",
                "sha256:ef1396d1680d6a1ae6dff293d778755c8e10d471f286aff678877b2cee235d42",
                "sha256:f1fe9139fdcf7721d308e36c51cf975474678a8241a9799af02a7bb1c531b722",
                "sha256:f28355e61ce0b5c1ce47784522022322cc5059c8ed80638e0caae8c7301e1705",
                "sha256:f7cc56a45c983e4e48601fbeec879b62c740cb848c75164f69a48ac0c6e8a21c"
            ],
            "version": "==19.10.0"
        },
        "urllib3": {
            "hashes": [
                "sha256:2f3db8b19923a873b3e5256dc9c2dedfa883e33d87c690d9c7913e1f40673cdc",
                "sha256:87716c2d2a7121198ebcb7ce7cccf6ce5e9ba539041cfbaeecfb641dc0bf6acc"
            ],
            "version": "==1.25.8"
        },
        "w3lib": {
            "hashes": [
                "sha256:847704b837b2b973cddef6938325d466628e6078266bc2e1f7ac49ba85c34823",
                "sha256:8b1854fef570b5a5fc84d960e025debd110485d73fd283580376104762774315"
            ],
            "version": "==1.21.0"
        },
        "zope.interface": {
            "hashes": [
                "sha256:02339c53bbf7e438dec371af1f401e4843f9dc5765b3b032032b195dd72b47f2",
                "sha256:0616040d5a18786aff5d25ef6e1fa0f875b7ba5b6f1a923c1153be81dd9c65ad",
                "sha256:07a8bb9110854c0ab9329adbbec7050af242a78a62e226ab49e9c2182090f501",
                "sha256:07de051fac6dedc6c659034f80bc46623edc776c757fa26f3f467954b12d2403",
                "sha256:08ae0a88ac29b92faff069e0511ad27197b3274bdf67ebd8c75aaeb05823c7af",
                "sha256:1033e7bb858c398580ca7cbb50f15b715e6031d5772f8a1bde4042c12300a52a",
                "sha256:11db683f49652b34aa87904b27d00f9032fa2db7f1f9676c05b13361a3c7547c",
                "sha256:23c4a70a9abb8faa35e2967e2e7cbd9225512b706b6eb96b01eb1ccbb2b632c3",
                "sha256:2690fd5b042062d866017db11ce1e12d4862df28614cc2915dc57e52b46a8594",
                "sha256:31fdcc9eaf2c379e8b416184a0749ce3f95fdaf206b092b63bdc065aecca6a95",
                "sha256:34381fcecc6e6f57d72bc2fab6175976eeacdd61dbb34427a37b260238278199",
                "sha256:36e7438d2f71153cea6b119ddd2648bc010cec4368fd8e7170e50090c0d7ed19",
                "sha256:3b6a2ef2c6b4e9786939bd9861e7b98bc01cb3024f87c8cf4b78872f2afcf584",
                "sha256:4855384c27fe7e31efbee32f74659421d64e5bfa8b7df2ec08d306d0f3d4cee6",
                "sha256:4d0830e1d544b2c303064ec01923de2b9d6f5b5d0d78608a91d758b0f469361c",
                "sha256:61b95dbfd03ce2a55c38da711cba7130605dbef4839ca12b53c46827826c5c5b",
                "sha256:64446f9baa2c51f47b0e272939c583ffd220e67f5bcbc2f18dd244c5a46a7018",
                "sha256:65cef4766be4be9372621cd17773424302c21785dfaf6e9bd5b64b1f1264f9cc",
                "sha256:6f1e8914eee2e3a0bcf435d963ca5cf3a3df89a47cbd3e2b16343bc875194fed",
                "sha256:6f2bf246ee9350f428860c37db6158cfb27a7e585d60b2bb3b88864810875835",
                "sha256:73a618e734803ded8b8d8f14f9a6371c6a1acc445840cf6ae57733041e796671",
                "sha256:7d3c4f10b7a8502a68a8eadcd57e86a35e3948af3edee7bd49a21b225361b0da",
                "sha256:98a21acc7d1e45fcb700831b66ec6c84a3c2a5a94868d72ef83565966adc474f",
                "sha256:993051db4278f9ec3b191ae823a7bb32b6a91fed6e960d43500fc4ce64cdb4e0",
                "sha256:9e67e9fa7dc43210ad766cd6eef133d9d256a530fe07e5585685cdc742170d10",
                "sha256:a36e7e1972109504dfa0995a89b6c24a990113eb4cedef93d0eaf1452901b6ac",
                "sha256:a41a34c55887743ee124e8f696217dec1a7eead1164d27ef27dfae528c396a23",
                "sha256:a7b50fa86c1bd863ef3b3314da62928c015a732bb0aef220852b9606104f0df5",
                "sha256:a82d36ecc28e72904388f72f57f3c04aee7c43a019e302d61944b3886c261be3",
                "sha256:a9fce290a6ba88e5e6e81dd1e800c045212df69ab69d1de0d303b1af9cec692f",
                "sha256:ae6c4a1fa696c12c3b654fa0d160f3781271f0edbbb0ae50f285a91f2a272a09",
                "sha256:b0029f193d91a1e0085e4a99dd71e4c63a3e7826ec4a8d2ea457f02e1b6b0bb4",
                "sha256:b12241fac561b635329c3275e911a53e104b43875b99d31332d006d52e180912",
                "sha256:b906dda76ab70b6905ef3014260e7f1c861a0c4841e29826eb34a6187255504b",
                "sha256:d79da12a15edd6d7c366766954c4b6de0247e85ba35ee2ad9f37f972e7080f8a",
                "sha256:d8a0cb84de725ccd6abd9b5bd32cb94a11db336076fb6d459f1fed23d0719e0c",
                "sha256:eb92c733be08c6e2b8dfd4613d1b3c2f345ca4f83219d40fda4680333d3a0dc4",
                "sha256:f044fec9c7e1b0ec6fdf0d3abc648c2f3b9128933051a9a73af52dbdd9e6d6e9",
                "sha256:fd1101bd3fcb4f4cf3485bb20d6cb0b56909b94d3bd2a53a6cb9d381c3da3365"
            ],
            "version": "==4.7.2"
        }
    },
    "develop": {}
}
